
Microsoft Visual Studio Solution File, Format Version 12.00
# Visual Studio Version 17
VisualStudioVersion = 17.6.33829.357
MinimumVisualStudioVersion = 10.0.40219.1
Project("{FAE04EC0-301F-11D3-BF4B-00C04F79EFBC}") = "OnlineEducationPlatform", "OnlineEducationPlatform\OnlineEducationPlatform.csproj", "{CE8E2B7D-1182-4FF9-AC5B-174EED0AEC95}"
EndProject
Project("{FAE04EC0-301F-11D3-BF4B-00C04F79EFBC}") = "OnlineEducationPlatformConsole", "OnlineEducationPlatformConsole\OnlineEducationPlatformConsole.csproj", "{744A91C8-E76D-4972-927F-99E8791A1A36}"
EndProject
Global
	GlobalSection(SolutionConfigurationPlatforms) = preSolution
		Debug|Any CPU = Debug|Any CPU
		Release|Any CPU = Release|Any CPU
	EndGlobalSection
	GlobalSection(ProjectConfigurationPlatforms) = postSolution
		{CE8E2B7D-1182-4FF9-AC5B-174EED0AEC95}.Debug|Any CPU.ActiveCfg = Debug|Any CPU
		{CE8E2B7D-1182-4FF9-AC5B-174EED0AEC95}.Debug|Any CPU.Build.0 = Debug|Any CPU
		{CE8E2B7D-1182-4FF9-AC5B-174EED0AEC95}.Release|Any CPU.ActiveCfg = Release|Any CPU
		{CE8E2B7D-1182-4FF9-AC5B-174EED0AEC95}.Release|Any CPU.Build.0 = Release|Any CPU
		{744A91C8-E76D-4972-927F-99E8791A1A36}.Debug|Any CPU.ActiveCfg = Debug|Any CPU
		{744A91C8-E76D-4972-927F-99E8791A1A36}.Debug|Any CPU.Build.0 = Debug|Any CPU
		{744A91C8-E76D-4972-927F-99E8791A1A36}.Release|Any CPU.ActiveCfg = Release|Any CPU
		{744A91C8-E76D-4972-927F-99E8791A1A36}.Release|Any CPU.Build.0 = Release|Any CPU
	EndGlobalSection
	GlobalSection(SolutionProperties) = preSolution
		HideSolutionNode = FALSE
	EndGlobalSection
	GlobalSection(ExtensibilityGlobals) = postSolution
		SolutionGuid = {6639DBEE-9002-49B9-BD59-8A5185B93645}
	EndGlobalSection
EndGlobal
